version = 1
revision = 3
requires-python = ">=3.14"

[[package]]
name = "attrs"
version = "26.1.0"
source = { registry = "https://pypi.org/simple" }
sdist = { url = "https://files.pythonhosted.org/packages/9a/8e/82a0fe20a541c03148528be8cac2408564a6c9a0cc7e9171802bc1d26985/attrs-26.1.0.tar.gz", hash = "sha256:d03ceb89cb322a8fd706d4fb91940737b6642aa36998fe130a9bc96c985eff32", size = 952055, upload-time = "2026-03-19T14:22:25.026Z" }
wheels = [
    { url = "https://files.pythonhosted.org/packages/64/b4/17d4b0b2a2dc85a6df63d1157e028ed19f90d4cd97c36717afef2bc2f395/attrs-26.1.0-py3-none-any.whl", hash = "sha256:c647aa4a12dfbad9333ca4e71fe62ddc36f4e63b2d260a37a8b83d2f043ac309", size = 67548, upload-time = "2026-03-19T14:22:23.645Z" },
]

[[package]]
name = "aws-cdk-asset-awscli-v1"
version = "2.2.292"
source = { registry = "https://pypi.org/simple" }
dependencies = [
    { name = "jsii" },
    { name = "publication" },
]
sdist = { url = "https://files.pythonhosted.org/packages/cf/2c/cb258b03e0fa3dcfd6e73e081e81783bbe138ab96641b49fe134308b9c5b/aws_cdk_asset_awscli_v1-2.2.292.tar.gz", hash = "sha256:06da203eeaecbbbf5f1ecd3b12140104e6a59b6a7f6182cfbda5c5deda4b6344", size = 21189256, upload-time = "2026-08-03T15:28:55.2Z" }
wheels = [
    { url = "https://files.pythonhosted.org/packages/a5/23/c307fefce170e5703b102398d6c541a9b52534a43718760c58677e62e98a/aws_cdk_asset_awscli_v1-2.2.292-py3-none-any.whl", hash = "sha256:01cfb33e2913df2d63448b0954ea4ed1bcb1d064514b4b7aa266eda915e8ebfc", size = 21187714, upload-time = "2026-08-03T15:28:51.844Z" },
]

[[package]]
name = "aws-cdk-asset-node-proxy-agent-v6"
version = "2.1.3"
source = { registry = "https://pypi.org/simple" }
dependencies = [
    { name = "jsii" },
    { name = "publication" },
]
sdist = { url = "https://files.pythonhosted.org/packages/53/b2/a8e84037da16463ff33c1174d3e8b2fdb9a1c4457654b547e9f2249b86ce/aws_cdk_asset_node_proxy_agent_v6-2.1.3.tar.gz", hash = "sha256:1724285cb3ab50494f4c641c236d0e57d1f2da82bda71d15585a203dc0e75516", size = 1559117, upload-time = "2026-09-08T11:01:50.746Z" }
wheels = [
    { url = "https://files.pythonhosted.org/packages/ba/58/2d8e000954ea1f8bf22e826e42ef0d283df9b86e25e78a06c20750dcb71d/aws_cdk_asset_node_proxy_agent_v6-2.1.3-py3-none-any.whl", hash = "sha256:b8adb536ad19f8a44e94054c712f5ea5ff487cc3c10ecdc158846b29ca2cbbe5", size = 1557696, upload-time = "2026-09-08T11:01:48.74Z" },
]

[[package]]
name = "aws-cdk-cloud-assembly-schema"
version = "54.26.0"
source = { registry = "https://pypi.org/simple" }
dependencies = [
    { name = "jsii" },
    { name = "publication" },
]
sdist = { url = "https://files.pythonhosted.org/packages/f3/fa/00a49d33b33f995664e209d484b80a98873ed19f5d0d2d9c66ef72770d98/aws_cdk_cloud_assembly_schema-54.26.0.tar.gz", hash = "sha256:f13e1d4ff3dc4fd681288912fcee39a34fdd964e490e1858f541187f6bb32e35", size = 283123, upload-time = "2026-09-30T20:26:55.811Z" }
wheels = [
    { url = "https://files.pythonhosted.org/packages/05/49/9898141e25e77bffaa8c1b3c4beb7c1ef480630c0b241b016c84e85b093b/aws_cdk_cloud_assembly_schema-54.26.0-py3-none-any.whl", hash = "sha256:b63a8214f85327c728c440b96daff9008c4632b7c60a40852b1e3c1dbda48485", size = 282213, upload-time = "2026-09-30T20:26:54.141Z" },
]

[[package]]
name = "aws-cdk-lib"
version = "2.272.0"
source = { registry = "https://pypi.org/simple" }
dependencies = [
    { name = "aws-cdk-asset-awscli-v1" },
    { name = "aws-cdk-asset-node-proxy-agent-v6" },
    { name = "aws-cdk-cloud-assembly-schema" },
    { name = "constructs" },
    { name = "jsii" },
    { name = "publication" },
]
sdist = { url = "https://files.pythonhosted.org/packages/54/38/55703f8f6158e900a75ea9c8ccdb789677e09dd886d8f4cad80d16b8bd09/aws_cdk_lib-2.272.0.tar.gz", hash = "sha256:65d511c98da2af713665af85e506334524aca275d1114523abd830152027c116", size = 58231015, upload-time = "2026-09-30T14:01:55.815Z" }
wheels = [
    { url = "https://files.pythonhosted.org/packages/ba/30/c3ea7fc6cb647419f33eef1c994d0bdbf5187ed78ca95be1b7ef5a6da64f/aws_cdk_lib-2.272.0-py3-none-any.whl", hash = "sha256:e0be631712be4ca138bdaa112de556cebba8741bb5ef7fc3159d95e0f0717115", size = 58959556, upload-time = "2026-09-30T14:01:13.12Z" },
]

[[package]]
name = "aws-lambda-cdk"
version = "0.1.0"
source = { editable = "." }
dependencies = [
    { name = "aws-cdk-lib" },
    { name = "constructs" },
]

[package.metadata]
requires-dist = [
    { name = "aws-cdk-lib", specifier = ">=2.220.0" },
    { name = "constructs", specifier = ">=10.4.2" },
]

[[package]]
name = "cattrs"
version = "26.2.1"
source = { registry = "https://pypi.org/simple" }
dependencies = [
    { name = "attrs" },
    { name = "typing-extensions" },
]
sdist = { url = "https://files.pythonhosted.org/packages/23/75/e72b839c3dc869c990b4842f3dba730bdcdf5215f68fc7955edf849a1792/cattrs-26.2.1.tar.gz", hash = "sha256:679132bfdc225c5ee40c024fc42519954767c387f950dc6751946c586bccdc6d", size = 525617, upload-time = "2026-09-26T20:53:21.114Z" }
wheels = [
    { url = "https://files.pythonhosted.org/packages/e8/cf/22794a399d99480486120e26e879ef008e21f5e85274c2ed591d568bb326/cattrs-26.2.1-py3-none-any.whl", hash = "sha256:a12aaa3453dc8f633a815293179f08b7421ed18d2575c459c3c736f840beac24", size = 74843, upload-time = "2026-09-26T20:53:19.767Z" },
]

[[package]]
name = "constructs"
version = "10.8.1"
source = { registry = "https://pypi.org/simple" }
dependencies = [
    { name = "jsii" },
    { name = "publication" },
]
sdist = { url = "https://files.pythonhosted.org/packages/d1/7e/5caadda94765496d4096528bcc432ae256ade10cf4b847e88a5d09918c1d/constructs-10.8.1.tar.gz", hash = "sha256:9f6e4eb1f6b8b1ac8dcbc85457dcbb1e3f9bd93bbeef03154f6cc7fbbba74b06", size = 788838, upload-time = "2026-08-03T15:28:03.745Z" }
wheels = [
    { url = "https://files.pythonhosted.org/packages/2d/df/3afc4e2c4c6bdf58bfe27d7e082f82f3364562592613c159209ed50ddd16/constructs-10.8.1-py3-none-any.whl", hash = "sha256:f71297db64723889147c82de46dcacaa76b120f856d5b5ac5f65abb22ea88355", size = 787025, upload-time = "2026-08-03T15:28:02.082Z" },
]

[[package]]
name = "jsii"
version = "1.141.0"
source = { registry = "https://pypi.org/simple" }
dependencies = [
    { name = "attrs" },
    { name = "cattrs" },
    { name = "publication" },
    { name = "python-dateutil" },
    { name = "typeguard" },
    { name = "typing-extensions" },
]
sdist = { url = "https://files.pythonhosted.org/packages/db/ea/1b572564cd47fc22f6a248dc2a4fbec91b421877e2901fdd85aaf291f017/jsii-1.141.0.tar.gz", hash = "sha256:e574efa7523b2218f6a4495e9f1ba75c9947b84965c5a8079931f37d7911a687", size = 532264, upload-time = "2026-10-01T16:58:15.284Z" }
wheels = [
    { url = "https://files.pythonhosted.org/packages/f8/a5/aa73a8196be12872cb636a9bd5320730a2743d2a9111dc150ad72b12e71d/jsii-1.141.0-py3-none-any.whl", hash = "sha256:72ca269b483c5190e5002c9e1f0f43971c3aead1cd444ea0c64690c05e1b0da0", size = 502557, upload-time = "2026-10-01T16:58:13.825Z" },
]

[[package]]
name = "publication"
version = "0.0.3"
source = { registry = "https://pypi.org/simple" }
sdist = { url = "https://files.pythonhosted.org/packages/6b/8e/8c9fe7e32fdf9c386f83d59610cc819a25dadb874b5920f2d0ef7d35f46d/publication-0.0.3.tar.gz", hash = "sha256:68416a0de76dddcdd2930d1c8ef853a743cc96c82416c4e4d3b5d901c6276dc4", size = 5484, upload-time = "2019-01-15T07:52:23.914Z" }
wheels = [
    { url = "https://files.pythonhosted.org/packages/f8/d3/6308debad7afcdb3ea5f50b4b3d852f41eb566a311fbcb4da23755a28155/publication-0.0.3-py2.py3-none-any.whl", hash = "sha256:0248885351febc11d8a1098d5c8e3ab2dabcf3e8c0c96db1e17ecd12b53afbe6", size = 7687, upload-time = "2019-01-15T07:52:22.151Z" },
]

[[package]]
name = "python-dateutil"
version = "2.9.0.post0"
source = { registry = "https://pypi.org/simple" }
dependencies = [
    { name = "six" },
]
sdist = { url = "https://files.pythonhosted.org/packages/66/c0/0c8b6ad9f17a802ee498c46e004a0eb49bc148f2fd230864601a86dcf6db/python-dateutil-2.9.0.post0.tar.gz", hash = "sha256:37dd54208da7e1cd875388217d5e00ebd4179249f90fb72437e91a35459a0ad3", size = 342432, upload-time = "2024-03-01T18:36:20.211Z" }
wheels = [
    { url = "https://files.pythonhosted.org/packages/ec/57/56b9bcc3c9c6a792fcbaf139543cee77261f3651ca9da0c93f5c1221264b/python_dateutil-2.9.0.post0-py2.py3-none-any.whl", hash = "sha256:a8b2bc7bffae282281c8140a97d3aa9c14da0b136dfe83f850eea9a5f7470427", size = 229892, upload-time = "2024-03-01T18:36:18.57Z" },
]

[[package]]
name = "six"
version = "1.17.0"
source = { registry = "https://pypi.org/simple" }
sdist = { url = "https://files.pythonhosted.org/packages/94/e7/b2c673351809dca68a0e064b6af791aa332cf192da575fd474ed7d6f16a2/six-1.17.0.tar.gz", hash = "sha256:ff70335d468e7eb6ec65b95b99d3a2836546063f63acc5171de367e834932a81", size = 34031, upload-time = "2024-12-04T17:35:28.174Z" }
wheels = [
    { url = "https://files.pythonhosted.org/packages/b7/ce/149a00dd41f10bc29e5921b496af8b574d8413afcd5e30dfa0ed46c2cc5e/six-1.17.0-py2.py3-none-any.whl", hash = "sha256:4721f391ed90541fddacab5acf947aa0d3dc7d27b2e1e8eda2be8970586c3274", size = 11050, upload-time = "2024-12-04T17:35:26.475Z" },
]

[[package]]
name = "typeguard"
version = "2.13.3"
source = { registry = "https://pypi.org/simple" }
sdist = { url = "https://files.pythonhosted.org/packages/3a/38/c61bfcf62a7b572b5e9363a802ff92559cb427ee963048e1442e3aef7490/typeguard-2.13.3.tar.gz", hash = "sha256:00edaa8da3a133674796cf5ea87d9f4b4c367d77476e185e80251cc13dfbb8c4", size = 40604, upload-time = "2021-12-10T21:09:39.158Z" }
wheels = [
    { url = "https://files.pythonhosted.org/packages/9a/bb/d43e5c75054e53efce310e79d63df0ac3f25e34c926be5dffb7d283fb2a8/typeguard-2.13.3-py3-none-any.whl", hash = "sha256:5e3e3be01e887e7eafae5af63d1f36c849aaa94e3a0112097312aabfa16284f1", size = 17605, upload-time = "2021-12-10T21:09:37.844Z" },
]

[[package]]
name = "typing-extensions"
version = "4.16.0"
source = { registry = "https://pypi.org/simple" }
sdist = { url = "https://files.pythonhosted.org/packages/f6/cc/6253133b5bb138fc3306cebfbda2c520f545d36b5be2c7255cc528bb45d6/typing_extensions-4.16.0.tar.gz", hash = "sha256:dc983d19a509c94dba722ee6abd33940f7c05a89e243c47e907eb4db6f1a43e5", size = 113555, upload-time = "2026-07-02T08:40:05.92Z" }
wheels = [
    { url = "https://files.pythonhosted.org/packages/49/d3/b8441a820a491ddfc024b0b0cf0393375b75ea13866d9c66727e54c2fc80/typing_extensions-4.16.0-py3-none-any.whl", hash = "sha256:481caa481374e813c1b176ada14e97f1f67a4539ce9cfeb3f350d78d6370c2e8", size = 45571, upload-time = "2026-07-02T08:40:04.659Z" },
]
